<Solution>
  <Project Path="InventoryManagementSystem.API/InventoryManagementSystem.API.csproj" />
  <Project Path="InventoryManagementSystem.Application/InventoryManagementSystem.Application.csproj" />
  <Project Path="InventoryManagementSystem.Domain/InventoryManagementSystem.Domain.csproj" />
  <Project Path="InventoryManagementSystem.Infrastructure/InventoryManagementSystem.Infrastructure.csproj" />
</Solution>
